// !$*UTF8*$!
{
	archiveVersion = 1;
	classes = {
	};
	objectVersion = 50;
	objects = {

/* Begin PBXBuildFile section */
		8CCACD3C2218836C003B9ABD /* AppDelegate.swift in Sources */ = {isa = PBXBuildFile; fileRef = 8CCACD3B2218836C003B9ABD /* AppDelegate.swift */; };
		8CCACD3E2218836C003B9ABD /* ViewController.swift in Sources */ = {isa = PBXBuildFile; fileRef = 8CCACD3D2218836C003B9ABD /* ViewController.swift */; };
		8CCACD412218836C003B9ABD /* Main.storyboard in Resources */ = {isa = PBXBuildFile; fileRef = 8CCACD3F2218836C003B9ABD /* Main.storyboard */; };
		8CCACD432218836D003B9ABD /* Assets.xcassets in Resources */ = {isa = PBXBuildFile; fileRef = 8CCACD422218836D003B9ABD /* Assets.xcassets */; };
		8CCACD462218836D003B9ABD /* LaunchScreen.storyboard in Resources */ = {isa = PBXBuildFile; fileRef = 8CCACD442218836D003B9ABD /* LaunchScreen.storyboard */; };
		8CCACD50221885F1003B9ABD /* EffectiveButton.swift in Sources */ = {isa = PBXBuildFile; fileRef = 8CCACD4F221885F1003B9ABD /* EffectiveButton.swift */; };
		8CCACD522218964E003B9ABD /* click.mp3 in Resources */ = {isa = PBXBuildFile; fileRef = 8CCACD512218964E003B9ABD /* click.mp3 */; };
/* End PBXBuildFile section */

/* Begin PBXFileReference section */
		8CCACD382218836C003B9ABD /* EffectiveButton.app */ = {isa = PBXFileReference; explicitFileType = wrapper.application; includeInIndex = 0; path = EffectiveButton.app; sourceTree = BUILT_PRODUCTS_DIR; };
		8CCACD3B2218836C003B9ABD /* AppDelegate.swift */ = {isa = PBXFileReference; lastKnownFileType = sourcecode.swift; path = AppDelegate.swift; sourceTree = "<group>"; };
		8CCACD3D2218836C003B9ABD /* ViewController.swift */ = {isa = PBXFileReference; lastKnownFileType = sourcecode.swift; path = ViewController.swift; sourceTree = "<group>"; };
		8CCACD402218836C003B9ABD /* Base */ = {isa = PBXFileReference; lastKnownFileType = file.storyboard; name = Base; path = Base.lproj/Main.storyboard; sourceTree = "<group>"; };
		8CCACD422218836D003B9ABD /* Assets.xcassets */ = {isa = PBXFileReference; lastKnownFileType = folder.assetcatalog; path = Assets.xcassets; sourceTree = "<group>"; };
		8CCACD452218836D003B9ABD /* Base */ = {isa = PBXFileReference; lastKnownFileType = file.storyboard; name = Base; path = Base.lproj/LaunchScreen.storyboard; sourceTree = "<group>"; };
		8CCACD472218836D003B9ABD /* Info.plist */ = {isa = PBXFileReference; lastKnownFileType = text.plist.xml; path = Info.plist; sourceTree = "<group>"; };
		8CCACD4F221885F1003B9ABD /* EffectiveButton.swift */ = {isa = PBXFileReference; lastKnownFileType = sourcecode.swift; path = EffectiveButton.swift; sourceTree = "<group>"; };
		8CCACD512218964E003B9ABD /* click.mp3 */ = {isa = PBXFileReference; lastKnownFileType = audio.mp3; path = click.mp3; sourceTree = "<group>"; };
/* End PBXFileReference section */

/* Begin PBXFrameworksBuildPhase section */
		8CCACD352218836C003B9ABD /* Frameworks */ = {
			isa = PBXFrameworksBuildPhase;
			buildActionMask = 2147483647;
			files = (
			);
			runOnlyForDeploymentPostprocessing = 0;
		};
/* End PBXFrameworksBuildPhase section */

/* Begin PBXGroup section */
		8CCACD2F2218836C003B9ABD = {
			isa = PBXGroup;
			children = (
				8CCACD3A2218836C003B9ABD /* EffectiveButton */,
				8CCACD392218836C003B9ABD /* Products */,
			);
			sourceTree = "<group>";
		};
		8CCACD392218836C003B9ABD /* Products */ = {
			isa = PBXGroup;
			children = (
				8CCACD382218836C003B9ABD /* EffectiveButton.app */,
			);
			name = Products;
			sourceTree = "<group>";
		};
		8CCACD3A2218836C003B9ABD /* EffectiveButton */ = {
			isa = PBXGroup;
			children = (
				8CCACD4D2218837E003B9ABD /* UI Parts */,
				8CCACD3B2218836C003B9ABD /* AppDelegate.swift */,
				8CCACD3D2218836C003B9ABD /* ViewController.swift */,
				8CCACD3F2218836C003B9ABD /* Main.storyboard */,
				8CCACD422218836D003B9ABD /* Assets.xcassets */,
				8CCACD442218836D003B9ABD /* LaunchScreen.storyboard */,
				8CCACD472218836D003B9ABD /* Info.plist */,
			);
			path = EffectiveButton;
			sourceTree = "<group>";
		};
		8CCACD4D2218837E003B9ABD /* UI Parts */ = {
			isa = PBXGroup;
			children = (
				8CCACD512218964E003B9ABD /* click.mp3 */,
				8CCACD4F221885F1003B9ABD /* EffectiveButton.swift */,
			);
			path = "UI Parts";
			sourceTree = "<group>";
		};
/* End PBXGroup section */

/* Begin PBXNativeTarget section */
		8CCACD372218836C003B9ABD /* EffectiveButton */ = {
			isa = PBXNativeTarget;
			buildConfigurationList = 8CCACD4A2218836D003B9ABD /* Build configuration list for PBXNativeTarget "EffectiveButton" */;
			buildPhases = (
				8CCACD342218836C003B9ABD /* Sources */,
				8CCACD352218836C003B9ABD /* Frameworks */,
				8CCACD362218836C003B9ABD /* Resources */,
			);
			buildRules = (
			);
			dependencies = (
			);
			name = EffectiveButton;
			productName = RoundButton;
			productReference = 8CCACD382218836C003B9ABD /* EffectiveButton.app */;
			productType = "com.apple.product-type.application";
		};
/* End PBXNativeTarget section */

/* Begin PBXProject section */
		8CCACD302218836C003B9ABD /* Project object */ = {
			isa = PBXProject;
			attributes = {
				KnownAssetTags = (
					Button1,
				);
				LastSwiftUpdateCheck = 1010;
				LastUpgradeCheck = 1010;
				ORGANIZATIONNAME = Neosystem;
				TargetAttributes = {
					8CCACD372218836C003B9ABD = {
						CreatedOnToolsVersion = 10.1;
					};
				};
			};
			buildConfigurationList = 8CCACD332218836C003B9ABD /* Build configuration list for PBXProject "EffectiveButton" */;
			compatibilityVersion = "Xcode 9.3";
			developmentRegion = en;
			hasScannedForEncodings = 0;
			knownRegions = (
				en,
				Base,
			);
			mainGroup = 8CCACD2F2218836C003B9ABD;
			productRefGroup = 8CCACD392218836C003B9ABD /* Products */;
			projectDirPath = "";
			projectRoot = "";
			targets = (
				8CCACD372218836C003B9ABD /* EffectiveButton */,
			);
		};
/* End PBXProject section */

/* Begin PBXResourcesBuildPhase section */
		8CCACD362218836C003B9ABD /* Resources */ = {
			isa = PBXResourcesBuildPhase;
			buildActionMask = 2147483647;
			files = (
				8CCACD462218836D003B9ABD /* LaunchScreen.storyboard in Resources */,
				8CCACD522218964E003B9ABD /* click.mp3 in Resources */,
				8CCACD432218836D003B9ABD /* Assets.xcassets in Resources */,
				8CCACD412218836C003B9ABD /* Main.storyboard in Resources */,
			);
			runOnlyForDeploymentPostprocessing = 0;
		};
/* End PBXResourcesBuildPhase section */

/* Begin PBXSourcesBuildPhase section */
		8CCACD342218836C003B9ABD /* Sources */ = {
			isa = PBXSourcesBuildPhase;
			buildActionMask = 2147483647;
			files = (
				8CCACD50221885F1003B9ABD /* EffectiveButton.swift in Sources */,
				8CCACD3E2218836C003B9ABD /* ViewController.swift in Sources */,
				8CCACD3C2218836C003B9ABD /* AppDelegate.swift in Sources */,
			);
			runOnlyForDeploymentPostprocessing = 0;
		};
/* End PBXSourcesBuildPhase section */

/* Begin PBXVariantGroup section */
		8CCACD3F2218836C003B9ABD /* Main.storyboard */ = {
			isa = PBXVariantGroup;
			children = (
				8CCACD402218836C003B9ABD /* Base */,
			);
			name = Main.storyboard;
			sourceTree = "<group>";
		};
		8CCACD442218836D003B9ABD /* LaunchScreen.storyboard */ = {
			isa = PBXVariantGroup;
			children = (
				8CCACD452218836D003B9ABD /* Base */,
			);
			name = LaunchScreen.storyboard;
			sourceTree = "<group>";
		};
/* End PBXVariantGroup section */

/* Begin XCBuildConfiguration section */
		8CCACD482218836D003B9ABD /* Debug */ = {
			isa = XCBuildConfiguration;
			buildSettings = {
				ALWAYS_SEARCH_USER_PATHS = NO;
				CLANG_ANALYZER_NONNULL = YES;
				CLANG_ANALYZER_NUMBER_OBJECT_CONVERSION = YES_AGGRESSIVE;
				CLANG_CXX_LANGUAGE_STANDARD = "gnu++14";
				CLANG_CXX_LIBRARY = "libc++";
				CLANG_ENABLE_MODULES = YES;
				CLANG_ENABLE_OBJC_ARC = YES;
				CLANG_ENABLE_OBJC_WEAK = YES;
				CLANG_WARN_BLOCK_CAPTURE_AUTORELEASING = YES;
				CLANG_WARN_BOOL_CONVERSION = YES;
				CLANG_WARN_COMMA = YES;
				CLANG_WARN_CONSTANT_CONVERSION = YES;
				CLANG_WARN_DEPRECATED_OBJC_IMPLEMENTATIONS = YES;
				CLANG_WARN_DIRECT_OBJC_ISA_USAGE = YES_ERROR;
				CLANG_WARN_DOCUMENTATION_COMMENTS = YES;
				CLANG_WARN_EMPTY_BODY = YES;
				CLANG_WARN_ENUM_CONVERSION = YES;
				CLANG_WARN_INFINITE_RECURSION = YES;
				CLANG_WARN_INT_CONVERSION = YES;
				CLANG_WARN_NON_LITERAL_NULL_CONVERSION = YES;
				CLANG_WARN_OBJC_IMPLICIT_RETAIN_SELF = YES;
				CLANG_WARN_OBJC_LITERAL_CONVERSION = YES;
				CLANG_WARN_OBJC_ROOT_CLASS = YES_ERROR;
				CLANG_WARN_RANGE_LOOP_ANALYSIS = YES;
				CLANG_WARN_STRICT_PROTOTYPES = YES;
				CLANG_WARN_SUSPICIOUS_MOVE = YES;
				CLANG_WARN_UNGUARDED_AVAILABILITY = YES_AGGRESSIVE;
				CLANG_WARN_UNREACHABLE_CODE = YES;
				CLANG_WARN__DUPLICATE_METHOD_MATCH = YES;
				CODE_SIGN_IDENTITY = "iPhone Developer";
				COPY_PHASE_STRIP = NO;
				DEBUG_INFORMATION_FORMAT = dwarf;
				ENABLE_STRICT_OBJC_MSGSEND = YES;
				ENABLE_TESTABILITY = YES;
				GCC_C_LANGUAGE_STANDARD = gnu11;
				GCC_DYNAMIC_NO_PIC = NO;
				GCC_NO_COMMON_BLOCKS = YES;
				GCC_OPTIMIZATION_LEVEL = 0;
				GCC_PREPROCESSOR_DEFINITIONS = (
					"DEBUG=1",
					"$(inherited)",
				);
				GCC_WARN_64_TO_32_BIT_CONVERSION = YES;
				GCC_WARN_ABOUT_RETURN_TYPE = YES_ERROR;
				GCC_WARN_UNDECLARED_SELECTOR = YES;
				GCC_WARN_UNINITIALIZED_AUTOS = YES_AGGRESSIVE;
				GCC_WARN_UNUSED_FUNCTION = YES;
				GCC_WARN_UNUSED_VARIABLE = YES;
				IPHONEOS_DEPLOYMENT_TARGET = 12.1;
				MTL_ENABLE_DEBUG_INFO = INCLUDE_SOURCE;
				MTL_FAST_MATH = YES;
				ONLY_ACTIVE_ARCH = YES;
				SDKROOT = iphoneos;
				SWIFT_ACTIVE_COMPILATION_CONDITIONS = DEBUG;
				SWIFT_OPTIMIZATION_LEVEL = "-Onone";
			};
			name = Debug;
		};
		8CCACD492218836D003B9ABD /* Release */ = {
			isa = XCBuildConfiguration;
			buildSettings = {
				ALWAYS_SEARCH_USER_PATHS = NO;
				CLANG_ANALYZER_NONNULL = YES;
				CLANG_ANALYZER_NUMBER_OBJECT_CONVERSION = YES_AGGRESSIVE;
				CLANG_CXX_LANGUAGE_STANDARD = "gnu++14";
				CLANG_CXX_LIBRARY = "libc++";
				CLANG_ENABLE_MODULES = YES;
				CLANG_ENABLE_OBJC_ARC = YES;
				CLANG_ENABLE_OBJC_WEAK = YES;
				CLANG_WARN_BLOCK_CAPTURE_AUTORELEASING = YES;
				CLANG_WARN_BOOL_CONVERSION = YES;
				CLANG_WARN_COMMA = YES;
				CLANG_WARN_CONSTANT_CONVERSION = YES;
				CLANG_WARN_DEPRECATED_OBJC_IMPLEMENTATIONS = YES;
				CLANG_WARN_DIRECT_OBJC_ISA_USAGE = YES_ERROR;
				CLANG_WARN_DOCUMENTATION_COMMENTS = YES;
				CLANG_WARN_EMPTY_BODY = YES;
				CLANG_WARN_ENUM_CONVERSION = YES;
				CLANG_WARN_INFINITE_RECURSION = YES;
				CLANG_WARN_INT_CONVERSION = YES;
				CLANG_WARN_NON_LITERAL_NULL_CONVERSION = YES;
				CLANG_WARN_OBJC_IMPLICIT_RETAIN_SELF = YES;
				CLANG_WARN_OBJC_LITERAL_CONVERSION = YES;
				CLANG_WARN_OBJC_ROOT_CLASS = YES_ERROR;
				CLANG_WARN_RANGE_LOOP_ANALYSIS = YES;
				CLANG_WARN_STRICT_PROTOTYPES = YES;
				CLANG_WARN_SUSPICIOUS_MOVE = YES;
				CLANG_WARN_UNGUARDED_AVAILABILITY = YES_AGGRESSIVE;
				CLANG_WARN_UNREACHABLE_CODE = YES;
				CLANG_WARN__DUPLICATE_METHOD_MATCH = YES;
				CODE_SIGN_IDENTITY = "iPhone Developer";
				COPY_PHASE_STRIP = NO;
				DEBUG_INFORMATION_FORMAT = "dwarf-with-dsym";
				ENABLE_NS_ASSERTIONS = NO;
				ENABLE_STRICT_OBJC_MSGSEND = YES;
				GCC_C_LANGUAGE_STANDARD = gnu11;
				GCC_NO_COMMON_BLOCKS = YES;
				GCC_WARN_64_TO_32_BIT_CONVERSION = YES;
				GCC_WARN_ABOUT_RETURN_TYPE = YES_ERROR;
				GCC_WARN_UNDECLARED_SELECTOR = YES;
				GCC_WARN_UNINITIALIZED_AUTOS = YES_AGGRESSIVE;
				GCC_WARN_UNUSED_FUNCTION = YES;
				GCC_WARN_UNUSED_VARIABLE = YES;
				IPHONEOS_DEPLOYMENT_TARGET = 12.1;
				MTL_ENABLE_DEBUG_INFO = NO;
				MTL_FAST_MATH = YES;
				SDKROOT = iphoneos;
				SWIFT_COMPILATION_MODE = wholemodule;
				SWIFT_OPTIMIZATION_LEVEL = "-O";
				VALIDATE_PRODUCT = YES;
			};
			name = Release;
		};
		8CCACD4B2218836D003B9ABD /* Debug */ = {
			isa = XCBuildConfiguration;
			buildSettings = {
				ASSETCATALOG_COMPILER_APPICON_NAME = AppIcon;
				CODE_SIGN_STYLE = Automatic;
				DEVELOPMENT_TEAM = 3VW9ZMYGC7;
				INFOPLIST_FILE = EffectiveButton/Info.plist;
				LD_RUNPATH_SEARCH_PATHS = (
					"$(inherited)",
					"@executable_path/Frameworks",
				);
				PRODUCT_BUNDLE_IDENTIFIER = jp.co.neosystem.EffectiveButton;
				PRODUCT_NAME = "$(TARGET_NAME)";
				SWIFT_VERSION = 4.2;
				TARGETED_DEVICE_FAMILY = "1,2";
			};
			name = Debug;
		};
		8CCACD4C2218836D003B9ABD /* Release */ = {
			isa = XCBuildConfiguration;
			buildSettings = {
				ASSETCATALOG_COMPILER_APPICON_NAME = AppIcon;
				CODE_SIGN_STYLE = Automatic;
				DEVELOPMENT_TEAM = 3VW9ZMYGC7;
				INFOPLIST_FILE = EffectiveButton/Info.plist;
				LD_RUNPATH_SEARCH_PATHS = (
					"$(inherited)",
					"@executable_path/Frameworks",
				);
				PRODUCT_BUNDLE_IDENTIFIER = jp.co.neosystem.EffectiveButton;
				PRODUCT_NAME = "$(TARGET_NAME)";
				SWIFT_VERSION = 4.2;
				TARGETED_DEVICE_FAMILY = "1,2";
			};
			name = Release;
		};
/* End XCBuildConfiguration section */

/* Begin XCConfigurationList section */
		8CCACD332218836C003B9ABD /* Build configuration list for PBXProject "EffectiveButton" */ = {
			isa = XCConfigurationList;
			buildConfigurations = (
				8CCACD482218836D003B9ABD /* Debug */,
				8CCACD492218836D003B9ABD /* Release */,
			);
			defaultConfigurationIsVisible = 0;
			defaultConfigurationName = Release;
		};
		8CCACD4A2218836D003B9ABD /* Build configuration list for PBXNativeTarget "EffectiveButton" */ = {
			isa = XCConfigurationList;
			buildConfigurations = (
				8CCACD4B2218836D003B9ABD /* Debug */,
				8CCACD4C2218836D003B9ABD /* Release */,
			);
			defaultConfigurationIsVisible = 0;
			defaultConfigurationName = Release;
		};
/* End XCConfigurationList section */
	};
	rootObject = 8CCACD302218836C003B9ABD /* Project object */;
}
